// !$*UTF8*$!
{
	archiveVersion = 1;
	classes = {
	};
	objectVersion = 55;
	objects = {

/* Begin PBXBuildFile section */
		430CADE144EC419FA9F4A2C7 /* libPods-Rede Duque.a in Frameworks */ = {isa = PBXBuildFile; fileRef = 503EE79564760B38ACC38685 /* libPods-Rede Duque.a */; };
		47147E8428D8E2CA00C4C7CE /* NVActivityIndicatorView in Frameworks */ = {isa = PBXBuildFile; productRef = 47147E8328D8E2CA00C4C7CE /* NVActivityIndicatorView */; };
		47147E8628D8E2CA00C4C7CE /* NVActivityIndicatorViewExtended in Frameworks */ = {isa = PBXBuildFile; productRef = 47147E8528D8E2CA00C4C7CE /* NVActivityIndicatorViewExtended */; };
		4751126F294CAE7500EEA2CB /* NotificationService.swift in Sources */ = {isa = PBXBuildFile; fileRef = 4751126E294CAE7500EEA2CB /* NotificationService.swift */; };
		47511273294CAE7500EEA2CB /* OneSignalNotificationServiceExtension.appex in Embed Foundation Extensions */ = {isa = PBXBuildFile; fileRef = 4751126C294CAE7500EEA2CB /* OneSignalNotificationServiceExtension.appex */; settings = {ATTRIBUTES = (RemoveHeadersOnCopy, ); }; };
		476873782950A06E002228FF /* Extensions.swift in Sources */ = {isa = PBXBuildFile; fileRef = 476873772950A06E002228FF /* Extensions.swift */; };
		479F73E42941269D00A2EC50 /* FirebaseAnalytics in Frameworks */ = {isa = PBXBuildFile; productRef = 479F73E32941269D00A2EC50 /* FirebaseAnalytics */; };
		479F73E62941269D00A2EC50 /* FirebaseAuth in Frameworks */ = {isa = PBXBuildFile; productRef = 479F73E52941269D00A2EC50 /* FirebaseAuth */; };
		479F73E82941269D00A2EC50 /* FirebaseDatabase in Frameworks */ = {isa = PBXBuildFile; productRef = 479F73E72941269D00A2EC50 /* FirebaseDatabase */; };
		479F73EA2941269D00A2EC50 /* FirebaseMessaging in Frameworks */ = {isa = PBXBuildFile; productRef = 479F73E92941269D00A2EC50 /* FirebaseMessaging */; };
		479F73EC294127FA00A2EC50 /* GoogleService-Info.plist in Resources */ = {isa = PBXBuildFile; fileRef = 479F73EB294127F900A2EC50 /* GoogleService-Info.plist */; };
		47E842A1289850F50060F917 /* AppDelegate.swift in Sources */ = {isa = PBXBuildFile; fileRef = 47E842A0289850F50060F917 /* AppDelegate.swift */; };
		47E842A3289850F50060F917 /* SceneDelegate.swift in Sources */ = {isa = PBXBuildFile; fileRef = 47E842A2289850F50060F917 /* SceneDelegate.swift */; };
		47E842A5289850F50060F917 /* ViewController.swift in Sources */ = {isa = PBXBuildFile; fileRef = 47E842A4289850F50060F917 /* ViewController.swift */; };
		47E842AA289850F60060F917 /* Assets.xcassets in Resources */ = {isa = PBXBuildFile; fileRef = 47E842A9289850F60060F917 /* Assets.xcassets */; };
		47E842AD289850F60060F917 /* LaunchScreen.storyboard in Resources */ = {isa = PBXBuildFile; fileRef = 47E842AB289850F60060F917 /* LaunchScreen.storyboard */; };
		47FEEADB294F3E43001F5E6F /* Service.swift in Sources */ = {isa = PBXBuildFile; fileRef = 47FEEADA294F3E43001F5E6F /* Service.swift */; };
		47FEEAE0294F472E001F5E6F /* ConsultaCli.swift in Sources */ = {isa = PBXBuildFile; fileRef = 47FEEADF294F472E001F5E6F /* ConsultaCli.swift */; };
		47FEEAE2294F47C0001F5E6F /* TokenOneSignal.swift in Sources */ = {isa = PBXBuildFile; fileRef = 47FEEAE1294F47C0001F5E6F /* TokenOneSignal.swift */; };
		5E8251D59F993D8A92D04AE1 /* libPods-OneSignalNotificationServiceExtension.a in Frameworks */ = {isa = PBXBuildFile; fileRef = A90C58180F3BA878007CBC89 /* libPods-OneSignalNotificationServiceExtension.a */; };
/* End PBXBuildFile section */

/* Begin PBXContainerItemProxy section */
		47511271294CAE7500EEA2CB /* PBXContainerItemProxy */ = {
			isa = PBXContainerItemProxy;
			containerPortal = 47E84295289850F50060F917 /* Project object */;
			proxyType = 1;
			remoteGlobalIDString = 4751126B294CAE7500EEA2CB;
			remoteInfo = OneSignalNotificationServiceExtension;
		};
/* End PBXContainerItemProxy section */

/* Begin PBXCopyFilesBuildPhase section */
		47511274294CAE7500EEA2CB /* Embed Foundation Extensions */ = {
			isa = PBXCopyFilesBuildPhase;
			buildActionMask = 2147483647;
			dstPath = "";
			dstSubfolderSpec = 13;
			files = (
				47511273294CAE7500EEA2CB /* OneSignalNotificationServiceExtension.appex in Embed Foundation Extensions */,
			);
			name = "Embed Foundation Extensions";
			runOnlyForDeploymentPostprocessing = 0;
		};
/* End PBXCopyFilesBuildPhase section */

/* Begin PBXFileReference section */
		08E64C1CC68C3A88BBDF3868 /* Pods-Rede Duque.release.xcconfig */ = {isa = PBXFileReference; includeInIndex = 1; lastKnownFileType = text.xcconfig; name = "Pods-Rede Duque.release.xcconfig"; path = "Target Support Files/Pods-Rede Duque/Pods-Rede Duque.release.xcconfig"; sourceTree = "<group>"; };
		30F4C715FF29EBE4DF7D13F8 /* Pods-Rede Duque.debug.xcconfig */ = {isa = PBXFileReference; includeInIndex = 1; lastKnownFileType = text.xcconfig; name = "Pods-Rede Duque.debug.xcconfig"; path = "Target Support Files/Pods-Rede Duque/Pods-Rede Duque.debug.xcconfig"; sourceTree = "<group>"; };
		4751126C294CAE7500EEA2CB /* OneSignalNotificationServiceExtension.appex */ = {isa = PBXFileReference; explicitFileType = "wrapper.app-extension"; includeInIndex = 0; path = OneSignalNotificationServiceExtension.appex; sourceTree = BUILT_PRODUCTS_DIR; };
		4751126E294CAE7500EEA2CB /* NotificationService.swift */ = {isa = PBXFileReference; lastKnownFileType = sourcecode.swift; path = NotificationService.swift; sourceTree = "<group>"; };
		47511270294CAE7500EEA2CB /* Info.plist */ = {isa = PBXFileReference; lastKnownFileType = text.plist.xml; path = Info.plist; sourceTree = "<group>"; };
		476873772950A06E002228FF /* Extensions.swift */ = {isa = PBXFileReference; lastKnownFileType = sourcecode.swift; path = Extensions.swift; sourceTree = "<group>"; };
		479F73EB294127F900A2EC50 /* GoogleService-Info.plist */ = {isa = PBXFileReference; fileEncoding = 4; lastKnownFileType = text.plist.xml; path = "GoogleService-Info.plist"; sourceTree = "<group>"; };
		479F73ED2941292F00A2EC50 /* Rede Duque.entitlements */ = {isa = PBXFileReference; lastKnownFileType = text.plist.entitlements; path = "Rede Duque.entitlements"; sourceTree = "<group>"; };
		47E8429D289850F50060F917 /* Rede Duque.app */ = {isa = PBXFileReference; explicitFileType = wrapper.application; includeInIndex = 0; path = "Rede Duque.app"; sourceTree = BUILT_PRODUCTS_DIR; };
		47E842A0289850F50060F917 /* AppDelegate.swift */ = {isa = PBXFileReference; lastKnownFileType = sourcecode.swift; path = AppDelegate.swift; sourceTree = "<group>"; };
		47E842A2289850F50060F917 /* SceneDelegate.swift */ = {isa = PBXFileReference; lastKnownFileType = sourcecode.swift; path = SceneDelegate.swift; sourceTree = "<group>"; };
		47E842A4289850F50060F917 /* ViewController.swift */ = {isa = PBXFileReference; lastKnownFileType = sourcecode.swift; path = ViewController.swift; sourceTree = "<group>"; };
		47E842A9289850F60060F917 /* Assets.xcassets */ = {isa = PBXFileReference; lastKnownFileType = folder.assetcatalog; path = Assets.xcassets; sourceTree = "<group>"; };
		47E842AC289850F60060F917 /* Base */ = {isa = PBXFileReference; lastKnownFileType = file.storyboard; name = Base; path = Base.lproj/LaunchScreen.storyboard; sourceTree = "<group>"; };
		47E842AE289850F60060F917 /* Info.plist */ = {isa = PBXFileReference; lastKnownFileType = text.plist.xml; path = Info.plist; sourceTree = "<group>"; };
		47FEA88A4285AA0EA1EC78C2 /* Pods-OneSignalNotificationServiceExtension.debug.xcconfig */ = {isa = PBXFileReference; includeInIndex = 1; lastKnownFileType = text.xcconfig; name = "Pods-OneSignalNotificationServiceExtension.debug.xcconfig"; path = "Target Support Files/Pods-OneSignalNotificationServiceExtension/Pods-OneSignalNotificationServiceExtension.debug.xcconfig"; sourceTree = "<group>"; };
		47FEEADA294F3E43001F5E6F /* Service.swift */ = {isa = PBXFileReference; fileEncoding = 4; lastKnownFileType = sourcecode.swift; path = Service.swift; sourceTree = "<group>"; };
		47FEEADF294F472E001F5E6F /* ConsultaCli.swift */ = {isa = PBXFileReference; lastKnownFileType = sourcecode.swift; path = ConsultaCli.swift; sourceTree = "<group>"; };
		47FEEAE1294F47C0001F5E6F /* TokenOneSignal.swift */ = {isa = PBXFileReference; lastKnownFileType = sourcecode.swift; path = TokenOneSignal.swift; sourceTree = "<group>"; };
		503EE79564760B38ACC38685 /* libPods-Rede Duque.a */ = {isa = PBXFileReference; explicitFileType = archive.ar; includeInIndex = 0; path = "libPods-Rede Duque.a"; sourceTree = BUILT_PRODUCTS_DIR; };
		A90C58180F3BA878007CBC89 /* libPods-OneSignalNotificationServiceExtension.a */ = {isa = PBXFileReference; explicitFileType = archive.ar; includeInIndex = 0; path = "libPods-OneSignalNotificationServiceExtension.a"; sourceTree = BUILT_PRODUCTS_DIR; };
		E5B95DF88EF279668207E0FE /* Pods-OneSignalNotificationServiceExtension.release.xcconfig */ = {isa = PBXFileReference; includeInIndex = 1; lastKnownFileType = text.xcconfig; name = "Pods-OneSignalNotificationServiceExtension.release.xcconfig"; path = "Target Support Files/Pods-OneSignalNotificationServiceExtension/Pods-OneSignalNotificationServiceExtension.release.xcconfig"; sourceTree = "<group>"; };
/* End PBXFileReference section */

/* Begin PBXFrameworksBuildPhase section */
		47511269294CAE7500EEA2CB /* Frameworks */ = {
			isa = PBXFrameworksBuildPhase;
			buildActionMask = 2147483647;
			files = (
				5E8251D59F993D8A92D04AE1 /* libPods-OneSignalNotificationServiceExtension.a in Frameworks */,
			);
			runOnlyForDeploymentPostprocessing = 0;
		};
		47E8429A289850F50060F917 /* Frameworks */ = {
			isa = PBXFrameworksBuildPhase;
			buildActionMask = 2147483647;
			files = (
				479F73EA2941269D00A2EC50 /* FirebaseMessaging in Frameworks */,
				479F73E82941269D00A2EC50 /* FirebaseDatabase in Frameworks */,
				47147E8428D8E2CA00C4C7CE /* NVActivityIndicatorView in Frameworks */,
				47147E8628D8E2CA00C4C7CE /* NVActivityIndicatorViewExtended in Frameworks */,
				479F73E42941269D00A2EC50 /* FirebaseAnalytics in Frameworks */,
				479F73E62941269D00A2EC50 /* FirebaseAuth in Frameworks */,
				430CADE144EC419FA9F4A2C7 /* libPods-Rede Duque.a in Frameworks */,
			);
			runOnlyForDeploymentPostprocessing = 0;
		};
/* End PBXFrameworksBuildPhase section */

/* Begin PBXGroup section */
		4751126D294CAE7500EEA2CB /* OneSignalNotificationServiceExtension */ = {
			isa = PBXGroup;
			children = (
				4751126E294CAE7500EEA2CB /* NotificationService.swift */,
				47511270294CAE7500EEA2CB /* Info.plist */,
			);
			path = OneSignalNotificationServiceExtension;
			sourceTree = "<group>";
		};
		476873792950DA3A002228FF /* Comons */ = {
			isa = PBXGroup;
			children = (
				476873772950A06E002228FF /* Extensions.swift */,
			);
			path = Comons;
			sourceTree = "<group>";
		};
		47E84294289850F50060F917 = {
			isa = PBXGroup;
			children = (
				47E8429F289850F50060F917 /* Rede Duque */,
				4751126D294CAE7500EEA2CB /* OneSignalNotificationServiceExtension */,
				47E8429E289850F50060F917 /* Products */,
				47FEEAE6294F60C9001F5E6F /* Frameworks */,
				F5D973A077066414444CA1DD /* Pods */,
			);
			sourceTree = "<group>";
		};
		47E8429E289850F50060F917 /* Products */ = {
			isa = PBXGroup;
			children = (
				47E8429D289850F50060F917 /* Rede Duque.app */,
				4751126C294CAE7500EEA2CB /* OneSignalNotificationServiceExtension.appex */,
			);
			name = Products;
			sourceTree = "<group>";
		};
		47E8429F289850F50060F917 /* Rede Duque */ = {
			isa = PBXGroup;
			children = (
				479F73ED2941292F00A2EC50 /* Rede Duque.entitlements */,
				47E842A0289850F50060F917 /* AppDelegate.swift */,
				47E842A2289850F50060F917 /* SceneDelegate.swift */,
				47E842A4289850F50060F917 /* ViewController.swift */,
				47FEEAE4294F480E001F5E6F /* Service */,
				47FEEAE3294F4802001F5E6F /* Models */,
				476873792950DA3A002228FF /* Comons */,
				47E842A9289850F60060F917 /* Assets.xcassets */,
				47E842AB289850F60060F917 /* LaunchScreen.storyboard */,
				479F73EB294127F900A2EC50 /* GoogleService-Info.plist */,
				47E842AE289850F60060F917 /* Info.plist */,
			);
			path = "Rede Duque";
			sourceTree = "<group>";
		};
		47FEEAE3294F4802001F5E6F /* Models */ = {
			isa = PBXGroup;
			children = (
				47FEEAE1294F47C0001F5E6F /* TokenOneSignal.swift */,
				47FEEADF294F472E001F5E6F /* ConsultaCli.swift */,
			);
			path = Models;
			sourceTree = "<group>";
		};
		47FEEAE4294F480E001F5E6F /* Service */ = {
			isa = PBXGroup;
			children = (
				47FEEADA294F3E43001F5E6F /* Service.swift */,
			);
			path = Service;
			sourceTree = "<group>";
		};
		47FEEAE6294F60C9001F5E6F /* Frameworks */ = {
			isa = PBXGroup;
			children = (
				A90C58180F3BA878007CBC89 /* libPods-OneSignalNotificationServiceExtension.a */,
				503EE79564760B38ACC38685 /* libPods-Rede Duque.a */,
			);
			name = Frameworks;
			sourceTree = "<group>";
		};
		F5D973A077066414444CA1DD /* Pods */ = {
			isa = PBXGroup;
			children = (
				47FEA88A4285AA0EA1EC78C2 /* Pods-OneSignalNotificationServiceExtension.debug.xcconfig */,
				E5B95DF88EF279668207E0FE /* Pods-OneSignalNotificationServiceExtension.release.xcconfig */,
				30F4C715FF29EBE4DF7D13F8 /* Pods-Rede Duque.debug.xcconfig */,
				08E64C1CC68C3A88BBDF3868 /* Pods-Rede Duque.release.xcconfig */,
			);
			path = Pods;
			sourceTree = "<group>";
		};
/* End PBXGroup section */

/* Begin PBXNativeTarget section */
		4751126B294CAE7500EEA2CB /* OneSignalNotificationServiceExtension */ = {
			isa = PBXNativeTarget;
			buildConfigurationList = 47511277294CAE7500EEA2CB /* Build configuration list for PBXNativeTarget "OneSignalNotificationServiceExtension" */;
			buildPhases = (
				F7AB50C14CFE0166CABDD6C7 /* [CP] Check Pods Manifest.lock */,
				47511268294CAE7500EEA2CB /* Sources */,
				47511269294CAE7500EEA2CB /* Frameworks */,
				4751126A294CAE7500EEA2CB /* Resources */,
			);
			buildRules = (
			);
			dependencies = (
			);
			name = OneSignalNotificationServiceExtension;
			productName = OneSignalNotificationServiceExtension;
			productReference = 4751126C294CAE7500EEA2CB /* OneSignalNotificationServiceExtension.appex */;
			productType = "com.apple.product-type.app-extension";
		};
		47E8429C289850F50060F917 /* Rede Duque */ = {
			isa = PBXNativeTarget;
			buildConfigurationList = 47E842B1289850F60060F917 /* Build configuration list for PBXNativeTarget "Rede Duque" */;
			buildPhases = (
				72B02F84E0F157DC9A79C945 /* [CP] Check Pods Manifest.lock */,
				47E84299289850F50060F917 /* Sources */,
				47E8429A289850F50060F917 /* Frameworks */,
				47E8429B289850F50060F917 /* Resources */,
				47511274294CAE7500EEA2CB /* Embed Foundation Extensions */,
				BFD9B57E6D9E955980337C16 /* [CP] Embed Pods Frameworks */,
			);
			buildRules = (
			);
			dependencies = (
				47511272294CAE7500EEA2CB /* PBXTargetDependency */,
			);
			name = "Rede Duque";
			packageProductDependencies = (
				47147E8328D8E2CA00C4C7CE /* NVActivityIndicatorView */,
				47147E8528D8E2CA00C4C7CE /* NVActivityIndicatorViewExtended */,
				479F73E32941269D00A2EC50 /* FirebaseAnalytics */,
				479F73E52941269D00A2EC50 /* FirebaseAuth */,
				479F73E72941269D00A2EC50 /* FirebaseDatabase */,
				479F73E92941269D00A2EC50 /* FirebaseMessaging */,
			);
			productName = "Rede Duque";
			productReference = 47E8429D289850F50060F917 /* Rede Duque.app */;
			productType = "com.apple.product-type.application";
		};
/* End PBXNativeTarget section */

/* Begin PBXProject section */
		47E84295289850F50060F917 /* Project object */ = {
			isa = PBXProject;
			attributes = {
				BuildIndependentTargetsInParallel = 1;
				LastSwiftUpdateCheck = 1410;
				LastUpgradeCheck = 1400;
				TargetAttributes = {
					4751126B294CAE7500EEA2CB = {
						CreatedOnToolsVersion = 14.1;
					};
					47E8429C289850F50060F917 = {
						CreatedOnToolsVersion = 13.4.1;
					};
				};
			};
			buildConfigurationList = 47E84298289850F50060F917 /* Build configuration list for PBXProject "Rede Duque" */;
			compatibilityVersion = "Xcode 13.0";
			developmentRegion = en;
			hasScannedForEncodings = 0;
			knownRegions = (
				en,
				Base,
			);
			mainGroup = 47E84294289850F50060F917;
			packageReferences = (
				47147E8228D8E2CA00C4C7CE /* XCRemoteSwiftPackageReference "NVActivityIndicatorView" */,
				479F73E22941269D00A2EC50 /* XCRemoteSwiftPackageReference "firebase-ios-sdk" */,
			);
			productRefGroup = 47E8429E289850F50060F917 /* Products */;
			projectDirPath = "";
			projectRoot = "";
			targets = (
				47E8429C289850F50060F917 /* Rede Duque */,
				4751126B294CAE7500EEA2CB /* OneSignalNotificationServiceExtension */,
			);
		};
/* End PBXProject section */

/* Begin PBXResourcesBuildPhase section */
		4751126A294CAE7500EEA2CB /* Resources */ = {
			isa = PBXResourcesBuildPhase;
			buildActionMask = 2147483647;
			files = (
			);
			runOnlyForDeploymentPostprocessing = 0;
		};
		47E8429B289850F50060F917 /* Resources */ = {
			isa = PBXResourcesBuildPhase;
			buildActionMask = 2147483647;
			files = (
				47E842AD289850F60060F917 /* LaunchScreen.storyboard in Resources */,
				47E842AA289850F60060F917 /* Assets.xcassets in Resources */,
				479F73EC294127FA00A2EC50 /* GoogleService-Info.plist in Resources */,
			);
			runOnlyForDeploymentPostprocessing = 0;
		};
/* End PBXResourcesBuildPhase section */

/* Begin PBXShellScriptBuildPhase section */
		72B02F84E0F157DC9A79C945 /* [CP] Check Pods Manifest.lock */ = {
			isa = PBXShellScriptBuildPhase;
			buildActionMask = 2147483647;
			files = (
			);
			inputFileListPaths = (
			);
			inputPaths = (
				"${PODS_PODFILE_DIR_PATH}/Podfile.lock",
				"${PODS_ROOT}/Manifest.lock",
			);
			name = "[CP] Check Pods Manifest.lock";
			outputFileListPaths = (
			);
			outputPaths = (
				"$(DERIVED_FILE_DIR)/Pods-Rede Duque-checkManifestLockResult.txt",
			);
			runOnlyForDeploymentPostprocessing = 0;
			shellPath = /bin/sh;
			shellScript = "diff \"${PODS_PODFILE_DIR_PATH}/Podfile.lock\" \"${PODS_ROOT}/Manifest.lock\" > /dev/null\nif [ $? != 0 ] ; then\n    # print error to STDERR\n    echo \"error: The sandbox is not in sync with the Podfile.lock. Run 'pod install' or update your CocoaPods installation.\" >&2\n    exit 1\nfi\n# This output is used by Xcode 'outputs' to avoid re-running this script phase.\necho \"SUCCESS\" > \"${SCRIPT_OUTPUT_FILE_0}\"\n";
			showEnvVarsInLog = 0;
		};
		BFD9B57E6D9E955980337C16 /* [CP] Embed Pods Frameworks */ = {
			isa = PBXShellScriptBuildPhase;
			buildActionMask = 2147483647;
			files = (
			);
			inputFileListPaths = (
				"${PODS_ROOT}/Target Support Files/Pods-Rede Duque/Pods-Rede Duque-frameworks-${CONFIGURATION}-input-files.xcfilelist",
			);
			name = "[CP] Embed Pods Frameworks";
			outputFileListPaths = (
				"${PODS_ROOT}/Target Support Files/Pods-Rede Duque/Pods-Rede Duque-frameworks-${CONFIGURATION}-output-files.xcfilelist",
			);
			runOnlyForDeploymentPostprocessing = 0;
			shellPath = /bin/sh;
			shellScript = "\"${PODS_ROOT}/Target Support Files/Pods-Rede Duque/Pods-Rede Duque-frameworks.sh\"\n";
			showEnvVarsInLog = 0;
		};
		F7AB50C14CFE0166CABDD6C7 /* [CP] Check Pods Manifest.lock */ = {
			isa = PBXShellScriptBuildPhase;
			buildActionMask = 2147483647;
			files = (
			);
			inputFileListPaths = (
			);
			inputPaths = (
				"${PODS_PODFILE_DIR_PATH}/Podfile.lock",
				"${PODS_ROOT}/Manifest.lock",
			);
			name = "[CP] Check Pods Manifest.lock";
			outputFileListPaths = (
			);
			outputPaths = (
				"$(DERIVED_FILE_DIR)/Pods-OneSignalNotificationServiceExtension-checkManifestLockResult.txt",
			);
			runOnlyForDeploymentPostprocessing = 0;
			shellPath = /bin/sh;
			shellScript = "diff \"${PODS_PODFILE_DIR_PATH}/Podfile.lock\" \"${PODS_ROOT}/Manifest.lock\" > /dev/null\nif [ $? != 0 ] ; then\n    # print error to STDERR\n    echo \"error: The sandbox is not in sync with the Podfile.lock. Run 'pod install' or update your CocoaPods installation.\" >&2\n    exit 1\nfi\n# This output is used by Xcode 'outputs' to avoid re-running this script phase.\necho \"SUCCESS\" > \"${SCRIPT_OUTPUT_FILE_0}\"\n";
			showEnvVarsInLog = 0;
		};
/* End PBXShellScriptBuildPhase section */

/* Begin PBXSourcesBuildPhase section */
		47511268294CAE7500EEA2CB /* Sources */ = {
			isa = PBXSourcesBuildPhase;
			buildActionMask = 2147483647;
			files = (
				4751126F294CAE7500EEA2CB /* NotificationService.swift in Sources */,
			);
			runOnlyForDeploymentPostprocessing = 0;
		};
		47E84299289850F50060F917 /* Sources */ = {
			isa = PBXSourcesBuildPhase;
			buildActionMask = 2147483647;
			files = (
				47E842A5289850F50060F917 /* ViewController.swift in Sources */,
				47FEEADB294F3E43001F5E6F /* Service.swift in Sources */,
				47FEEAE2294F47C0001F5E6F /* TokenOneSignal.swift in Sources */,
				47FEEAE0294F472E001F5E6F /* ConsultaCli.swift in Sources */,
				47E842A1289850F50060F917 /* AppDelegate.swift in Sources */,
				47E842A3289850F50060F917 /* SceneDelegate.swift in Sources */,
				476873782950A06E002228FF /* Extensions.swift in Sources */,
			);
			runOnlyForDeploymentPostprocessing = 0;
		};
/* End PBXSourcesBuildPhase section */

/* Begin PBXTargetDependency section */
		47511272294CAE7500EEA2CB /* PBXTargetDependency */ = {
			isa = PBXTargetDependency;
			target = 4751126B294CAE7500EEA2CB /* OneSignalNotificationServiceExtension */;
			targetProxy = 47511271294CAE7500EEA2CB /* PBXContainerItemProxy */;
		};
/* End PBXTargetDependency section */

/* Begin PBXVariantGroup section */
		47E842AB289850F60060F917 /* LaunchScreen.storyboard */ = {
			isa = PBXVariantGroup;
			children = (
				47E842AC289850F60060F917 /* Base */,
			);
			name = LaunchScreen.storyboard;
			sourceTree = "<group>";
		};
/* End PBXVariantGroup section */

/* Begin XCBuildConfiguration section */
		47511275294CAE7500EEA2CB /* Debug */ = {
			isa = XCBuildConfiguration;
			baseConfigurationReference = 47FEA88A4285AA0EA1EC78C2 /* Pods-OneSignalNotificationServiceExtension.debug.xcconfig */;
			buildSettings = {
				CLANG_CXX_LANGUAGE_STANDARD = "gnu++20";
				CODE_SIGN_STYLE = Automatic;
				CURRENT_PROJECT_VERSION = 1;
				DEVELOPMENT_TEAM = WBAYHN46PY;
				GENERATE_INFOPLIST_FILE = YES;
				INFOPLIST_FILE = OneSignalNotificationServiceExtension/Info.plist;
				INFOPLIST_KEY_CFBundleDisplayName = OneSignalNotificationServiceExtension;
				INFOPLIST_KEY_NSHumanReadableCopyright = "";
				IPHONEOS_DEPLOYMENT_TARGET = 12.0;
				LD_RUNPATH_SEARCH_PATHS = (
					"$(inherited)",
					"@executable_path/Frameworks",
					"@executable_path/../../Frameworks",
					"@executable_path/../../Frameworks",
				);
				MARKETING_VERSION = 2.2.4;
				PRODUCT_BUNDLE_IDENTIFIER = br.com.rededuque.wapp.OneSignalNotificationServiceExtension;
				PRODUCT_NAME = "$(TARGET_NAME)";
				SKIP_INSTALL = YES;
				SWIFT_EMIT_LOC_STRINGS = YES;
				SWIFT_VERSION = 5.0;
				TARGETED_DEVICE_FAMILY = "1,2";
			};
			name = Debug;
		};
		47511276294CAE7500EEA2CB /* Release */ = {
			isa = XCBuildConfiguration;
			baseConfigurationReference = E5B95DF88EF279668207E0FE /* Pods-OneSignalNotificationServiceExtension.release.xcconfig */;
			buildSettings = {
				CLANG_CXX_LANGUAGE_STANDARD = "gnu++20";
				CODE_SIGN_STYLE = Automatic;
				CURRENT_PROJECT_VERSION = 1;
				DEVELOPMENT_TEAM = WBAYHN46PY;
				GENERATE_INFOPLIST_FILE = YES;
				INFOPLIST_FILE = OneSignalNotificationServiceExtension/Info.plist;
				INFOPLIST_KEY_CFBundleDisplayName = OneSignalNotificationServiceExtension;
				INFOPLIST_KEY_NSHumanReadableCopyright = "";
				IPHONEOS_DEPLOYMENT_TARGET = 12.0;
				LD_RUNPATH_SEARCH_PATHS = (
					"$(inherited)",
					"@executable_path/Frameworks",
					"@executable_path/../../Frameworks",
					"@executable_path/../../Frameworks",
				);
				MARKETING_VERSION = 2.2.4;
				PRODUCT_BUNDLE_IDENTIFIER = br.com.rededuque.wapp.OneSignalNotificationServiceExtension;
				PRODUCT_NAME = "$(TARGET_NAME)";
				SKIP_INSTALL = YES;
				SWIFT_EMIT_LOC_STRINGS = YES;
				SWIFT_VERSION = 5.0;
				TARGETED_DEVICE_FAMILY = "1,2";
			};
			name = Release;
		};
		47E842AF289850F60060F917 /* Debug */ = {
			isa = XCBuildConfiguration;
			buildSettings = {
				ALWAYS_SEARCH_USER_PATHS = NO;
				CLANG_ANALYZER_NONNULL = YES;
				CLANG_ANALYZER_NUMBER_OBJECT_CONVERSION = YES_AGGRESSIVE;
				CLANG_CXX_LANGUAGE_STANDARD = "gnu++17";
				CLANG_ENABLE_MODULES = YES;
				CLANG_ENABLE_OBJC_ARC = YES;
				CLANG_ENABLE_OBJC_WEAK = YES;
				CLANG_WARN_BLOCK_CAPTURE_AUTORELEASING = YES;
				CLANG_WARN_BOOL_CONVERSION = YES;
				CLANG_WARN_COMMA = YES;
				CLANG_WARN_CONSTANT_CONVERSION = YES;
				CLANG_WARN_DEPRECATED_OBJC_IMPLEMENTATIONS = YES;
				CLANG_WARN_DIRECT_OBJC_ISA_USAGE = YES_ERROR;
				CLANG_WARN_DOCUMENTATION_COMMENTS = YES;
				CLANG_WARN_EMPTY_BODY = YES;
				CLANG_WARN_ENUM_CONVERSION = YES;
				CLANG_WARN_INFINITE_RECURSION = YES;
				CLANG_WARN_INT_CONVERSION = YES;
				CLANG_WARN_NON_LITERAL_NULL_CONVERSION = YES;
				CLANG_WARN_OBJC_IMPLICIT_RETAIN_SELF = YES;
				CLANG_WARN_OBJC_LITERAL_CONVERSION = YES;
				CLANG_WARN_OBJC_ROOT_CLASS = YES_ERROR;
				CLANG_WARN_QUOTED_INCLUDE_IN_FRAMEWORK_HEADER = YES;
				CLANG_WARN_RANGE_LOOP_ANALYSIS = YES;
				CLANG_WARN_STRICT_PROTOTYPES = YES;
				CLANG_WARN_SUSPICIOUS_MOVE = YES;
				CLANG_WARN_UNGUARDED_AVAILABILITY = YES_AGGRESSIVE;
				CLANG_WARN_UNREACHABLE_CODE = YES;
				CLANG_WARN__DUPLICATE_METHOD_MATCH = YES;
				COPY_PHASE_STRIP = NO;
				DEBUG_INFORMATION_FORMAT = dwarf;
				ENABLE_STRICT_OBJC_MSGSEND = YES;
				ENABLE_TESTABILITY = YES;
				GCC_C_LANGUAGE_STANDARD = gnu11;
				GCC_DYNAMIC_NO_PIC = NO;
				GCC_NO_COMMON_BLOCKS = YES;
				GCC_OPTIMIZATION_LEVEL = 0;
				GCC_PREPROCESSOR_DEFINITIONS = (
					"DEBUG=1",
					"$(inherited)",
				);
				GCC_WARN_64_TO_32_BIT_CONVERSION = YES;
				GCC_WARN_ABOUT_RETURN_TYPE = YES_ERROR;
				GCC_WARN_UNDECLARED_SELECTOR = YES;
				GCC_WARN_UNINITIALIZED_AUTOS = YES_AGGRESSIVE;
				GCC_WARN_UNUSED_FUNCTION = YES;
				GCC_WARN_UNUSED_VARIABLE = YES;
				IPHONEOS_DEPLOYMENT_TARGET = 15.5;
				MTL_ENABLE_DEBUG_INFO = INCLUDE_SOURCE;
				MTL_FAST_MATH = YES;
				ONLY_ACTIVE_ARCH = YES;
				SDKROOT = iphoneos;
				SWIFT_ACTIVE_COMPILATION_CONDITIONS = DEBUG;
				SWIFT_OPTIMIZATION_LEVEL = "-Onone";
			};
			name = Debug;
		};
		47E842B0289850F60060F917 /* Release */ = {
			isa = XCBuildConfiguration;
			buildSettings = {
				ALWAYS_SEARCH_USER_PATHS = NO;
				CLANG_ANALYZER_NONNULL = YES;
				CLANG_ANALYZER_NUMBER_OBJECT_CONVERSION = YES_AGGRESSIVE;
				CLANG_CXX_LANGUAGE_STANDARD = "gnu++17";
				CLANG_ENABLE_MODULES = YES;
				CLANG_ENABLE_OBJC_ARC = YES;
				CLANG_ENABLE_OBJC_WEAK = YES;
				CLANG_WARN_BLOCK_CAPTURE_AUTORELEASING = YES;
				CLANG_WARN_BOOL_CONVERSION = YES;
				CLANG_WARN_COMMA = YES;
				CLANG_WARN_CONSTANT_CONVERSION = YES;
				CLANG_WARN_DEPRECATED_OBJC_IMPLEMENTATIONS = YES;
				CLANG_WARN_DIRECT_OBJC_ISA_USAGE = YES_ERROR;
				CLANG_WARN_DOCUMENTATION_COMMENTS = YES;
				CLANG_WARN_EMPTY_BODY = YES;
				CLANG_WARN_ENUM_CONVERSION = YES;
				CLANG_WARN_INFINITE_RECURSION = YES;
				CLANG_WARN_INT_CONVERSION = YES;
				CLANG_WARN_NON_LITERAL_NULL_CONVERSION = YES;
				CLANG_WARN_OBJC_IMPLICIT_RETAIN_SELF = YES;
				CLANG_WARN_OBJC_LITERAL_CONVERSION = YES;
				CLANG_WARN_OBJC_ROOT_CLASS = YES_ERROR;
				CLANG_WARN_QUOTED_INCLUDE_IN_FRAMEWORK_HEADER = YES;
				CLANG_WARN_RANGE_LOOP_ANALYSIS = YES;
				CLANG_WARN_STRICT_PROTOTYPES = YES;
				CLANG_WARN_SUSPICIOUS_MOVE = YES;
				CLANG_WARN_UNGUARDED_AVAILABILITY = YES_AGGRESSIVE;
				CLANG_WARN_UNREACHABLE_CODE = YES;
				CLANG_WARN__DUPLICATE_METHOD_MATCH = YES;
				COPY_PHASE_STRIP = NO;
				DEBUG_INFORMATION_FORMAT = "dwarf-with-dsym";
				ENABLE_NS_ASSERTIONS = NO;
				ENABLE_STRICT_OBJC_MSGSEND = YES;
				GCC_C_LANGUAGE_STANDARD = gnu11;
				GCC_NO_COMMON_BLOCKS = YES;
				GCC_WARN_64_TO_32_BIT_CONVERSION = YES;
				GCC_WARN_ABOUT_RETURN_TYPE = YES_ERROR;
				GCC_WARN_UNDECLARED_SELECTOR = YES;
				GCC_WARN_UNINITIALIZED_AUTOS = YES_AGGRESSIVE;
				GCC_WARN_UNUSED_FUNCTION = YES;
				GCC_WARN_UNUSED_VARIABLE = YES;
				IPHONEOS_DEPLOYMENT_TARGET = 15.5;
				MTL_ENABLE_DEBUG_INFO = NO;
				MTL_FAST_MATH = YES;
				SDKROOT = iphoneos;
				SWIFT_COMPILATION_MODE = wholemodule;
				SWIFT_OPTIMIZATION_LEVEL = "-O";
				VALIDATE_PRODUCT = YES;
			};
			name = Release;
		};
		47E842B2289850F60060F917 /* Debug */ = {
			isa = XCBuildConfiguration;
			baseConfigurationReference = 30F4C715FF29EBE4DF7D13F8 /* Pods-Rede Duque.debug.xcconfig */;
			buildSettings = {
				ALWAYS_EMBED_SWIFT_STANDARD_LIBRARIES = YES;
				ASSETCATALOG_COMPILER_APPICON_NAME = AppIcon;
				ASSETCATALOG_COMPILER_GLOBAL_ACCENT_COLOR_NAME = AccentColor;
				CODE_SIGN_ENTITLEMENTS = "Rede Duque/Rede Duque.entitlements";
				CODE_SIGN_STYLE = Automatic;
				CURRENT_PROJECT_VERSION = 1;
				DEVELOPMENT_TEAM = WBAYHN46PY;
				GENERATE_INFOPLIST_FILE = YES;
				INFOPLIST_FILE = "Rede Duque/Info.plist";
				INFOPLIST_KEY_UIApplicationSupportsIndirectInputEvents = YES;
				INFOPLIST_KEY_UILaunchStoryboardName = LaunchScreen;
				INFOPLIST_KEY_UISupportedInterfaceOrientations_iPad = "UIInterfaceOrientationPortrait UIInterfaceOrientationPortraitUpsideDown UIInterfaceOrientationLandscapeLeft UIInterfaceOrientationLandscapeRight";
				INFOPLIST_KEY_UISupportedInterfaceOrientations_iPhone = "UIInterfaceOrientationPortrait UIInterfaceOrientationLandscapeLeft UIInterfaceOrientationLandscapeRight";
				IPHONEOS_DEPLOYMENT_TARGET = 12.0;
				LD_RUNPATH_SEARCH_PATHS = (
					"$(inherited)",
					"@executable_path/Frameworks",
					"@executable_path/../../Frameworks",
				);
				MARKETING_VERSION = 2.2.4;
				PRODUCT_BUNDLE_IDENTIFIER = br.com.rededuque.wapp;
				PRODUCT_NAME = "$(TARGET_NAME)";
				SWIFT_EMIT_LOC_STRINGS = YES;
				SWIFT_VERSION = 5.0;
				TARGETED_DEVICE_FAMILY = "1,2";
			};
			name = Debug;
		};
		47E842B3289850F60060F917 /* Release */ = {
			isa = XCBuildConfiguration;
			baseConfigurationReference = 08E64C1CC68C3A88BBDF3868 /* Pods-Rede Duque.release.xcconfig */;
			buildSettings = {
				ALWAYS_EMBED_SWIFT_STANDARD_LIBRARIES = YES;
				ASSETCATALOG_COMPILER_APPICON_NAME = AppIcon;
				ASSETCATALOG_COMPILER_GLOBAL_ACCENT_COLOR_NAME = AccentColor;
				CODE_SIGN_ENTITLEMENTS = "Rede Duque/Rede Duque.entitlements";
				CODE_SIGN_STYLE = Automatic;
				CURRENT_PROJECT_VERSION = 1;
				DEVELOPMENT_TEAM = WBAYHN46PY;
				GENERATE_INFOPLIST_FILE = YES;
				INFOPLIST_FILE = "Rede Duque/Info.plist";
				INFOPLIST_KEY_UIApplicationSupportsIndirectInputEvents = YES;
				INFOPLIST_KEY_UILaunchStoryboardName = LaunchScreen;
				INFOPLIST_KEY_UISupportedInterfaceOrientations_iPad = "UIInterfaceOrientationPortrait UIInterfaceOrientationPortraitUpsideDown UIInterfaceOrientationLandscapeLeft UIInterfaceOrientationLandscapeRight";
				INFOPLIST_KEY_UISupportedInterfaceOrientations_iPhone = "UIInterfaceOrientationPortrait UIInterfaceOrientationLandscapeLeft UIInterfaceOrientationLandscapeRight";
				IPHONEOS_DEPLOYMENT_TARGET = 12.0;
				LD_RUNPATH_SEARCH_PATHS = (
					"$(inherited)",
					"@executable_path/Frameworks",
					"@executable_path/../../Frameworks",
				);
				MARKETING_VERSION = 2.2.4;
				PRODUCT_BUNDLE_IDENTIFIER = br.com.rededuque.wapp;
				PRODUCT_NAME = "$(TARGET_NAME)";
				SWIFT_EMIT_LOC_STRINGS = YES;
				SWIFT_VERSION = 5.0;
				TARGETED_DEVICE_FAMILY = "1,2";
			};
			name = Release;
		};
/* End XCBuildConfiguration section */

/* Begin XCConfigurationList section */
		47511277294CAE7500EEA2CB /* Build configuration list for PBXNativeTarget "OneSignalNotificationServiceExtension" */ = {
			isa = XCConfigurationList;
			buildConfigurations = (
				47511275294CAE7500EEA2CB /* Debug */,
				47511276294CAE7500EEA2CB /* Release */,
			);
			defaultConfigurationIsVisible = 0;
			defaultConfigurationName = Release;
		};
		47E84298289850F50060F917 /* Build configuration list for PBXProject "Rede Duque" */ = {
			isa = XCConfigurationList;
			buildConfigurations = (
				47E842AF289850F60060F917 /* Debug */,
				47E842B0289850F60060F917 /* Release */,
			);
			defaultConfigurationIsVisible = 0;
			defaultConfigurationName = Release;
		};
		47E842B1289850F60060F917 /* Build configuration list for PBXNativeTarget "Rede Duque" */ = {
			isa = XCConfigurationList;
			buildConfigurations = (
				47E842B2289850F60060F917 /* Debug */,
				47E842B3289850F60060F917 /* Release */,
			);
			defaultConfigurationIsVisible = 0;
			defaultConfigurationName = Release;
		};
/* End XCConfigurationList section */

/* Begin XCRemoteSwiftPackageReference section */
		47147E8228D8E2CA00C4C7CE /* XCRemoteSwiftPackageReference "NVActivityIndicatorView" */ = {
			isa = XCRemoteSwiftPackageReference;
			repositoryURL = "https://github.com/ninjaprox/NVActivityIndicatorView.git";
			requirement = {
				kind = upToNextMajorVersion;
				minimumVersion = 5.0.0;
			};
		};
		479F73E22941269D00A2EC50 /* XCRemoteSwiftPackageReference "firebase-ios-sdk" */ = {
			isa = XCRemoteSwiftPackageReference;
			repositoryURL = "https://github.com/firebase/firebase-ios-sdk.git";
			requirement = {
				branch = master;
				kind = branch;
			};
		};
/* End XCRemoteSwiftPackageReference section */

/* Begin XCSwiftPackageProductDependency section */
		47147E8328D8E2CA00C4C7CE /* NVActivityIndicatorView */ = {
			isa = XCSwiftPackageProductDependency;
			package = 47147E8228D8E2CA00C4C7CE /* XCRemoteSwiftPackageReference "NVActivityIndicatorView" */;
			productName = NVActivityIndicatorView;
		};
		47147E8528D8E2CA00C4C7CE /* NVActivityIndicatorViewExtended */ = {
			isa = XCSwiftPackageProductDependency;
			package = 47147E8228D8E2CA00C4C7CE /* XCRemoteSwiftPackageReference "NVActivityIndicatorView" */;
			productName = NVActivityIndicatorViewExtended;
		};
		479F73E32941269D00A2EC50 /* FirebaseAnalytics */ = {
			isa = XCSwiftPackageProductDependency;
			package = 479F73E22941269D00A2EC50 /* XCRemoteSwiftPackageReference "firebase-ios-sdk" */;
			productName = FirebaseAnalytics;
		};
		479F73E52941269D00A2EC50 /* FirebaseAuth */ = {
			isa = XCSwiftPackageProductDependency;
			package = 479F73E22941269D00A2EC50 /* XCRemoteSwiftPackageReference "firebase-ios-sdk" */;
			productName = FirebaseAuth;
		};
		479F73E72941269D00A2EC50 /* FirebaseDatabase */ = {
			isa = XCSwiftPackageProductDependency;
			package = 479F73E22941269D00A2EC50 /* XCRemoteSwiftPackageReference "firebase-ios-sdk" */;
			productName = FirebaseDatabase;
		};
		479F73E92941269D00A2EC50 /* FirebaseMessaging */ = {
			isa = XCSwiftPackageProductDependency;
			package = 479F73E22941269D00A2EC50 /* XCRemoteSwiftPackageReference "firebase-ios-sdk" */;
			productName = FirebaseMessaging;
		};
/* End XCSwiftPackageProductDependency section */
	};
	rootObject = 47E84295289850F50060F917 /* Project object */;
}
